
Microsoft Visual Studio Solution File, Format Version 12.00
# Visual Studio Version 17
VisualStudioVersion = 17.11.35303.130
MinimumVisualStudioVersion = 10.0.40219.1
Project("{9A19103F-16F7-4668-BE54-9A1E7A4F7556}") = "Blazor_ChatApp", "Blazor_ChatApp\Blazor_ChatApp\Blazor_ChatApp.csproj", "{BBB127D3-61BF-4774-92DC-EE4A71FBFAA6}"
EndProject
Project("{9A19103F-16F7-4668-BE54-9A1E7A4F7556}") = "Blazor_ChatApp.Client", "Blazor_ChatApp\Blazor_ChatApp.Client\Blazor_ChatApp.Client.csproj", "{67940D13-6701-4DDB-BD13-5120442C4706}"
EndProject
Global
	GlobalSection(SolutionConfigurationPlatforms) = preSolution
		Debug|Any CPU = Debug|Any CPU
		Release|Any CPU = Release|Any CPU
	EndGlobalSection
	GlobalSection(ProjectConfigurationPlatforms) = postSolution
		{BBB127D3-61BF-4774-92DC-EE4A71FBFAA6}.Debug|Any CPU.ActiveCfg = Debug|Any CPU
		{BBB127D3-61BF-4774-92DC-EE4A71FBFAA6}.Debug|Any CPU.Build.0 = Debug|Any CPU
		{BBB127D3-61BF-4774-92DC-EE4A71FBFAA6}.Release|Any CPU.ActiveCfg = Release|Any CPU
		{BBB127D3-61BF-4774-92DC-EE4A71FBFAA6}.Release|Any CPU.Build.0 = Release|Any CPU
		{67940D13-6701-4DDB-BD13-5120442C4706}.Debug|Any CPU.ActiveCfg = Debug|Any CPU
		{67940D13-6701-4DDB-BD13-5120442C4706}.Debug|Any CPU.Build.0 = Debug|Any CPU
		{67940D13-6701-4DDB-BD13-5120442C4706}.Release|Any CPU.ActiveCfg = Release|Any CPU
		{67940D13-6701-4DDB-BD13-5120442C4706}.Release|Any CPU.Build.0 = Release|Any CPU
	EndGlobalSection
	GlobalSection(SolutionProperties) = preSolution
		HideSolutionNode = FALSE
	EndGlobalSection
	GlobalSection(ExtensibilityGlobals) = postSolution
		SolutionGuid = {291EAD49-7A22-47F5-AD6B-74C5406911D8}
	EndGlobalSection
EndGlobal
